
Microsoft Visual Studio Solution File, Format Version 12.00
# Visual Studio 15
VisualStudioVersion = 15.0.28307.902
MinimumVisualStudioVersion = 10.0.40219.1
Project("{9A19103F-16F7-4668-BE54-9A1E7A4F7556}") = "WebApplication1", "WebApplication1\WebApplication1.csproj", "{BE44503F-2AFB-495F-AA5F-313F595B0581}"
EndProject
Project("{FAE04EC0-301F-11D3-BF4B-00C04F79EFBC}") = "XUnitTestProject1", "XUnitTestProject1\XUnitTestProject1.csproj", "{1883A8C9-4BF1-434F-98A6-2ABB6B56E6A5}"
EndProject
Project("{FAE04EC0-301F-11D3-BF4B-00C04F79EFBC}") = "UnitTestProject1", "UnitTestProject1\UnitTestProject1.csproj", "{297AC196-BEBE-4CCE-9B94-3914F7E135CC}"
EndProject
Global
	GlobalSection(SolutionConfigurationPlatforms) = preSolution
		Debug|Any CPU = Debug|Any CPU
		Release|Any CPU = Release|Any CPU
	EndGlobalSection
	GlobalSection(ProjectConfigurationPlatforms) = postSolution
		{BE44503F-2AFB-495F-AA5F-313F595B0581}.Debug|Any CPU.ActiveCfg = Debug|Any CPU
		{BE44503F-2AFB-495F-AA5F-313F595B0581}.Debug|Any CPU.Build.0 = Debug|Any CPU
		{BE44503F-2AFB-495F-AA5F-313F595B0581}.Release|Any CPU.ActiveCfg = Release|Any CPU
		{BE44503F-2AFB-495F-AA5F-313F595B0581}.Release|Any CPU.Build.0 = Release|Any CPU
		{1883A8C9-4BF1-434F-98A6-2ABB6B56E6A5}.Debug|Any CPU.ActiveCfg = Debug|Any CPU
		{1883A8C9-4BF1-434F-98A6-2ABB6B56E6A5}.Debug|Any CPU.Build.0 = Debug|Any CPU
		{1883A8C9-4BF1-434F-98A6-2ABB6B56E6A5}.Release|Any CPU.ActiveCfg = Release|Any CPU
		{1883A8C9-4BF1-434F-98A6-2ABB6B56E6A5}.Release|Any CPU.Build.0 = Release|Any CPU
		{297AC196-BEBE-4CCE-9B94-3914F7E135CC}.Debug|Any CPU.ActiveCfg = Debug|Any CPU
		{297AC196-BEBE-4CCE-9B94-3914F7E135CC}.Debug|Any CPU.Build.0 = Debug|Any CPU
		{297AC196-BEBE-4CCE-9B94-3914F7E135CC}.Release|Any CPU.ActiveCfg = Release|Any CPU
		{297AC196-BEBE-4CCE-9B94-3914F7E135CC}.Release|Any CPU.Build.0 = Release|Any CPU
	EndGlobalSection
	GlobalSection(SolutionProperties) = preSolution
		HideSolutionNode = FALSE
	EndGlobalSection
	GlobalSection(ExtensibilityGlobals) = postSolution
		SolutionGuid = {DA11D812-60B4-4CA3-A1A9-964177359F09}
	EndGlobalSection
EndGlobal
